hash: 25c220b190399f4105d56afdf57d7cc9cd43bab50d93953b2972175d85022b3b
updated: 2016-10-31T23:18:06.254287539-06:00
imports:
- name: bitbucket.org/pkg/inflect
  version: 8961c3750a47b8c0b3e118d52513b97adf85a7e8
- name: github.com/armon/go-metrics
  version: 3df31a1ada83e310c2e24b267c8e8b68836547b4
- name: github.com/dimfeld/httppath
  version: c8e499c3ef3c3e272ed8bdcc1ccf39f73c88debc
- name: github.com/dimfeld/httptreemux
  version: 5cb0ec25af2dd6a7d3718b5aa05dc48e192473bc
- name: github.com/goadesign/goa
  version: 672877fd8e794326384973a9580c589c0a584530
  subpackages:
  - client
  - design
  - design/apidsl
  - dslengine
  - goagen/codegen
  - goagen/gen_app
  - goagen/gen_client
  - goagen/gen_main
  - goagen/gen_schema
  - goagen/gen_swagger
  - goagen/meta
  - goagen/utils
  - goatest
  - middleware
  - uuid
  - version
- name: github.com/goadesign/gorma
  version: ce2a7ae7ddc50d19cf2c4cd71e3f187c20b98872
  subpackages:
  - dsl
- name: github.com/inconshreveable/mousetrap
  version: 76626ae9c91c4f2a10f34cad8ce83ea42c93bb75
- name: github.com/jinzhu/gorm
  version: 5174cc5c242a728b435ea2be8a2f7f998e15429b
- name: github.com/jinzhu/inflection
  version: 74387dc39a75e970e7a3ae6a3386b5bd2e5c5cff
- name: github.com/kr/pretty
  version: cfb55aafdaf3ec08f0db22699ab822c50091b1c4
- name: github.com/kr/text
  version: 7cafcd837844e784b526369c9bce262804aebc60
- name: github.com/manveru/faker
  version: 717f7cf83fb78669bfab612749c2e8ff63d5be11
- name: github.com/pkg/errors
  version: 248dadf4e9068a0b3e79f02ed0a610d935de5302
- name: github.com/satori/go.uuid
  version: b061729afc07e77a8aa4fad0a2fd840958f1942a
- name: github.com/spf13/cobra
  version: 6e91dded25d73176bf7f60b40dd7aa1f0bf9be8d
- name: github.com/spf13/pflag
  version: 5ccb023bc27df288a957c5e994cd44fd19619465
- name: github.com/zach-klippenstein/goregen
  version: 795b5e3961ea1912fde60af417ad85e86acc0d6a
- name: golang.org/x/net
  version: 73058b0420c0c24a7f9ec3eb6f624ac85d2ed035
  subpackages:
  - context
  - websocket
- name: golang.org/x/tools
  version: b814a3b030588c115189743d7da79bce8b549ce1
  subpackages:
  - go/ast/astutil
- name: gopkg.in/yaml.v2
  version: a5b47d31c556af34a302ce5d659e6fea44d90de0
testImports: []
